
Microsoft Visual Studio Solution File, Format Version 12.00
# Visual Studio 2012
Project("{FAE04EC0-301F-11D3-BF4B-00C04F79EFBC}") = "Routing001", "Routing001\Routing001.csproj", "{CA8F75F1-7734-4C7D-9490-1D87686B32FE}"
EndProject
Project("{2150E333-8FDC-42A3-9474-1A3956D46DE8}") = ".nuget", ".nuget", "{A680FC28-178C-4583-BC17-CA611DB7C604}"
	ProjectSection(SolutionItems) = preProject
		.nuget\NuGet.Config = .nuget\NuGet.Config
		.nuget\NuGet.exe = .nuget\NuGet.exe
		.nuget\NuGet.targets = .nuget\NuGet.targets
	EndProjectSection
EndProject
Project("{FAE04EC0-301F-11D3-BF4B-00C04F79EFBC}") = "Routing001.Tests", "Routing001.Tests\Routing001.Tests.csproj", "{BAF2BEDC-E8B6-4F88-83FC-A053E4B9E326}"
EndProject
Project("{FAE04EC0-301F-11D3-BF4B-00C04F79EFBC}") = "WorkingWithAreas", "WorkingWithAreas\WorkingWithAreas.csproj", "{0D77D6B4-4816-4AA5-B775-56BEB37074B0}"
EndProject
Global
	GlobalSection(SolutionConfigurationPlatforms) = preSolution
		Debug|Any CPU = Debug|Any CPU
		Release|Any CPU = Release|Any CPU
	EndGlobalSection
	GlobalSection(ProjectConfigurationPlatforms) = postSolution
		{CA8F75F1-7734-4C7D-9490-1D87686B32FE}.Debug|Any CPU.ActiveCfg = Debug|Any CPU
		{CA8F75F1-7734-4C7D-9490-1D87686B32FE}.Debug|Any CPU.Build.0 = Debug|Any CPU
		{CA8F75F1-7734-4C7D-9490-1D87686B32FE}.Release|Any CPU.ActiveCfg = Release|Any CPU
		{CA8F75F1-7734-4C7D-9490-1D87686B32FE}.Release|Any CPU.Build.0 = Release|Any CPU
		{BAF2BEDC-E8B6-4F88-83FC-A053E4B9E326}.Debug|Any CPU.ActiveCfg = Debug|Any CPU
		{BAF2BEDC-E8B6-4F88-83FC-A053E4B9E326}.Debug|Any CPU.Build.0 = Debug|Any CPU
		{BAF2BEDC-E8B6-4F88-83FC-A053E4B9E326}.Release|Any CPU.ActiveCfg = Release|Any CPU
		{BAF2BEDC-E8B6-4F88-83FC-A053E4B9E326}.Release|Any CPU.Build.0 = Release|Any CPU
		{0D77D6B4-4816-4AA5-B775-56BEB37074B0}.Debug|Any CPU.ActiveCfg = Debug|Any CPU
		{0D77D6B4-4816-4AA5-B775-56BEB37074B0}.Debug|Any CPU.Build.0 = Debug|Any CPU
		{0D77D6B4-4816-4AA5-B775-56BEB37074B0}.Release|Any CPU.ActiveCfg = Release|Any CPU
		{0D77D6B4-4816-4AA5-B775-56BEB37074B0}.Release|Any CPU.Build.0 = Release|Any CPU
	EndGlobalSection
	GlobalSection(SolutionProperties) = preSolution
		HideSolutionNode = FALSE
	EndGlobalSection
EndGlobal
